
Microsoft Visual Studio Solution File, Format Version 12.00
# Visual Studio Version 17
VisualStudioVersion = 17.12.35514.174 d17.12
MinimumVisualStudioVersion = 10.0.40219.1
Project("{2150E333-8FDC-42A3-9474-1A3956D46DE8}") = "Task0", "Task0", "{34E5A8E5-17B2-4351-84F2-615DB3C4D0AC}"
EndProject
Project("{FAE04EC0-301F-11D3-BF4B-00C04F79EFBC}") = "Tyuiu.MacuacuaRa.Sprint0.Tas0.V0", "Tyuiu.MacuacuaRa.Sprint0.Tas0.V0\Tyuiu.MacuacuaRa.Sprint0.Tas0.V0.csproj", "{5A1D267E-1F90-421F-8E61-456522AC244C}"
EndProject
Project("{2150E333-8FDC-42A3-9474-1A3956D46DE8}") = "Task1", "Task1", "{293CD7AE-E944-4F5C-99FC-2CF5B6D742AA}"
EndProject
Project("{FAE04EC0-301F-11D3-BF4B-00C04F79EFBC}") = "Tyuiu.MacuacuaRa.Sprint0.Tas1.V0", "Tyuiu.MacuacuaRa.Sprint0.Tas1.V0\Tyuiu.MacuacuaRa.Sprint0.Tas1.V0.csproj", "{8FB1EB9D-F928-49AB-B72D-C69A2FFB0727}"
EndProject
Project("{2150E333-8FDC-42A3-9474-1A3956D46DE8}") = "Task2", "Task2", "{BAE3E024-3325-4ECA-9F43-36BE976A8CA3}"
EndProject
Project("{FAE04EC0-301F-11D3-BF4B-00C04F79EFBC}") = "Tyuiu.MacuacuaRa.Sprint0.Task2.V0", "Tyuiu.MacuacuaRa.Sprint0.Task2.V0\Tyuiu.MacuacuaRa.Sprint0.Task2.V0.csproj", "{98043102-1B88-4185-BF76-F8EA04841C38}"
EndProject
Project("{FAE04EC0-301F-11D3-BF4B-00C04F79EFBC}") = "Tyuiu.MacuacuaRa.Sprint0.Task2.V0.Lib", "Tyuiu.MacuacuaRa.Sprint0.Task2.V0.Lib\Tyuiu.MacuacuaRa.Sprint0.Task2.V0.Lib.csproj", "{77E8CC6B-8E57-4F63-AE6E-DD582D41A859}"
EndProject
Project("{FAE04EC0-301F-11D3-BF4B-00C04F79EFBC}") = "Tyuiu.MacuacuaRa.Sprint0.Task2.V0.Test", "Tyuiu.MacuacuaRa.Sprint0.Task2.V0.Test\Tyuiu.MacuacuaRa.Sprint0.Task2.V0.Test.csproj", "{88070636-6F5D-43C0-AEB3-E4E1CBAAA690}"
EndProject
Project("{2150E333-8FDC-42A3-9474-1A3956D46DE8}") = "Task3", "Task3", "{B87BE757-B5D7-4AAB-B1EC-457446DA9189}"
EndProject
Project("{FAE04EC0-301F-11D3-BF4B-00C04F79EFBC}") = "Tyuiu.MacuacuaRa.Sprint0.Task3.V0", "Tyuiu.MacuacuaRa.Sprint0.Task3.V0\Tyuiu.MacuacuaRa.Sprint0.Task3.V0.csproj", "{4920BE74-DE99-4395-B55B-2D11292BBA22}"
EndProject
Project("{FAE04EC0-301F-11D3-BF4B-00C04F79EFBC}") = "Tyuiu.MacuacuaRa.Sprint0.Task3.V0.Lib", "Tyuiu.MacuacuaRa.Sprint0.Task3.V0.Lib\Tyuiu.MacuacuaRa.Sprint0.Task3.V0.Lib.csproj", "{2BE7DBE1-F097-4B88-B91B-E58A98BBA2D5}"
EndProject
Project("{FAE04EC0-301F-11D3-BF4B-00C04F79EFBC}") = "Tyuiu.MacuacuaRa.Sprint0.Task3.V0.Test", "Tyuiu.MacuacuaRa.Sprint0.Task3.V0.Test\Tyuiu.MacuacuaRa.Sprint0.Task3.V0.Test.csproj", "{837994BC-0F25-4DC6-995A-C45C609E4FD8}"
EndProject
Project("{2150E333-8FDC-42A3-9474-1A3956D46DE8}") = "Task4", "Task4", "{3E45F517-2E9C-4F77-89B7-9D62B1120B8C}"
EndProject
Project("{FAE04EC0-301F-11D3-BF4B-00C04F79EFBC}") = "Tyuiu.MacuacuaRa.Sprint0.Task4.V0", "Tyuiu.MacuacuaRa.Sprint0.Task4.V0\Tyuiu.MacuacuaRa.Sprint0.Task4.V0.csproj", "{363650A7-B0DA-4D3C-A864-9D183149A16F}"
EndProject
Project("{FAE04EC0-301F-11D3-BF4B-00C04F79EFBC}") = "Tyuiu.MacuacuaRa.Sprint0.Task4.V0.Lib", "Tyuiu.MacuacuaRa.Sprint0.Task4.V0.Lib\Tyuiu.MacuacuaRa.Sprint0.Task4.V0.Lib.csproj", "{1175E0D1-1D5A-4219-9F3F-6A548E94398C}"
EndProject
Project("{FAE04EC0-301F-11D3-BF4B-00C04F79EFBC}") = "Tyuiu.MacuacuaRa.Sprint0.Task4.V0.Test", "Tyuiu.MacuacuaRa.Sprint0.Task4.V0.Test\Tyuiu.MacuacuaRa.Sprint0.Task4.V0.Test.csproj", "{8951DE78-B308-4143-89B8-C8272E10CF82}"
EndProject
Project("{2150E333-8FDC-42A3-9474-1A3956D46DE8}") = "Task5", "Task5", "{89D336B3-0F9F-4B49-82BD-A96803DE48D3}"
EndProject
Project("{FAE04EC0-301F-11D3-BF4B-00C04F79EFBC}") = "Tyuiu.MacuacuaRa.Sprint0.Task5.V0", "Tyuiu.MacuacuaRa.Sprint0.Task5.V0\Tyuiu.MacuacuaRa.Sprint0.Task5.V0.csproj", "{42A6F632-2679-46C0-AD9B-112DD45713E0}"
EndProject
Project("{FAE04EC0-301F-11D3-BF4B-00C04F79EFBC}") = "Tyuiu.MacuacuaRa.Sprint0.Task5.V0.Lib", "Tyuiu.MacuacuaRa.Sprint0.Task5.V0.Lib\Tyuiu.MacuacuaRa.Sprint0.Task5.V0.Lib.csproj", "{DD9F4D2D-FBC9-4AA9-81F0-04A49455CF8E}"
EndProject
Project("{FAE04EC0-301F-11D3-BF4B-00C04F79EFBC}") = "Tyuiu.MacuacuaRa.Sprint0.Task5.V0.Test", "Tyuiu.MacuacuaRa.Sprint0.Task5.V0.Test\Tyuiu.MacuacuaRa.Sprint0.Task5.V0.Test.csproj", "{5824ED5D-CFAF-4E0B-ACE4-C86ADC08FF7B}"
EndProject
Project("{2150E333-8FDC-42A3-9474-1A3956D46DE8}") = "Task6", "Task6", "{C175CC58-FAE1-443E-8628-B1AE268F77DD}"
EndProject
Project("{FAE04EC0-301F-11D3-BF4B-00C04F79EFBC}") = "Tyuiu.MacuacuaRa.Sprint0.Task6.V0", "Tyuiu.MacuacuaRa.Sprint0.Task6.V0\Tyuiu.MacuacuaRa.Sprint0.Task6.V0.csproj", "{E9A0C356-005A-453E-BD21-45A47EBC9107}"
EndProject
Project("{FAE04EC0-301F-11D3-BF4B-00C04F79EFBC}") = "Tyuiu.MacuacuaRa.Sprint0.Task6.V0.Lib", "Tyuiu.MacuacuaRa.Sprint0.Task6.V0.Lib\Tyuiu.MacuacuaRa.Sprint0.Task6.V0.Lib.csproj", "{DF4C8474-C3BF-48E0-97A6-D850DCEAC1C9}"
EndProject
Project("{FAE04EC0-301F-11D3-BF4B-00C04F79EFBC}") = "Tyuiu.MacuacuaRa.Sprint0.Task6.V0.Test", "Tyuiu.MacuacuaRa.Sprint0.Task6.V0.Test\Tyuiu.MacuacuaRa.Sprint0.Task6.V0.Test.csproj", "{BD6268D5-8573-487B-B9DE-B74AB99D3251}"
EndProject
Global
	GlobalSection(SolutionConfigurationPlatforms) = preSolution
		Debug|Any CPU = Debug|Any CPU
		Release|Any CPU = Release|Any CPU
	EndGlobalSection
	GlobalSection(ProjectConfigurationPlatforms) = postSolution
		{5A1D267E-1F90-421F-8E61-456522AC244C}.Debug|Any CPU.ActiveCfg = Debug|Any CPU
		{5A1D267E-1F90-421F-8E61-456522AC244C}.Debug|Any CPU.Build.0 = Debug|Any CPU
		{5A1D267E-1F90-421F-8E61-456522AC244C}.Release|Any CPU.ActiveCfg = Release|Any CPU
		{5A1D267E-1F90-421F-8E61-456522AC244C}.Release|Any CPU.Build.0 = Release|Any CPU
		{8FB1EB9D-F928-49AB-B72D-C69A2FFB0727}.Debug|Any CPU.ActiveCfg = Debug|Any CPU
		{8FB1EB9D-F928-49AB-B72D-C69A2FFB0727}.Debug|Any CPU.Build.0 = Debug|Any CPU
		{8FB1EB9D-F928-49AB-B72D-C69A2FFB0727}.Release|Any CPU.ActiveCfg = Release|Any CPU
		{8FB1EB9D-F928-49AB-B72D-C69A2FFB0727}.Release|Any CPU.Build.0 = Release|Any CPU
		{98043102-1B88-4185-BF76-F8EA04841C38}.Debug|Any CPU.ActiveCfg = Debug|Any CPU
		{98043102-1B88-4185-BF76-F8EA04841C38}.Debug|Any CPU.Build.0 = Debug|Any CPU
		{98043102-1B88-4185-BF76-F8EA04841C38}.Release|Any CPU.ActiveCfg = Release|Any CPU
		{98043102-1B88-4185-BF76-F8EA04841C38}.Release|Any CPU.Build.0 = Release|Any CPU
		{77E8CC6B-8E57-4F63-AE6E-DD582D41A859}.Debug|Any CPU.ActiveCfg = Debug|Any CPU
		{77E8CC6B-8E57-4F63-AE6E-DD582D41A859}.Debug|Any CPU.Build.0 = Debug|Any CPU
		{77E8CC6B-8E57-4F63-AE6E-DD582D41A859}.Release|Any CPU.ActiveCfg = Release|Any CPU
		{77E8CC6B-8E57-4F63-AE6E-DD582D41A859}.Release|Any CPU.Build.0 = Release|Any CPU
		{88070636-6F5D-43C0-AEB3-E4E1CBAAA690}.Debug|Any CPU.ActiveCfg = Debug|Any CPU
		{88070636-6F5D-43C0-AEB3-E4E1CBAAA690}.Debug|Any CPU.Build.0 = Debug|Any CPU
		{88070636-6F5D-43C0-AEB3-E4E1CBAAA690}.Release|Any CPU.ActiveCfg = Release|Any CPU
		{88070636-6F5D-43C0-AEB3-E4E1CBAAA690}.Release|Any CPU.Build.0 = Release|Any CPU
		{4920BE74-DE99-4395-B55B-2D11292BBA22}.Debug|Any CPU.ActiveCfg = Debug|Any CPU
		{4920BE74-DE99-4395-B55B-2D11292BBA22}.Debug|Any CPU.Build.0 = Debug|Any CPU
		{4920BE74-DE99-4395-B55B-2D11292BBA22}.Release|Any CPU.ActiveCfg = Release|Any CPU
		{4920BE74-DE99-4395-B55B-2D11292BBA22}.Release|Any CPU.Build.0 = Release|Any CPU
		{2BE7DBE1-F097-4B88-B91B-E58A98BBA2D5}.Debug|Any CPU.ActiveCfg = Debug|Any CPU
		{2BE7DBE1-F097-4B88-B91B-E58A98BBA2D5}.Debug|Any CPU.Build.0 = Debug|Any CPU
		{2BE7DBE1-F097-4B88-B91B-E58A98BBA2D5}.Release|Any CPU.ActiveCfg = Release|Any CPU
		{2BE7DBE1-F097-4B88-B91B-E58A98BBA2D5}.Release|Any CPU.Build.0 = Release|Any CPU
		{837994BC-0F25-4DC6-995A-C45C609E4FD8}.Debug|Any CPU.ActiveCfg = Debug|Any CPU
		{837994BC-0F25-4DC6-995A-C45C609E4FD8}.Debug|Any CPU.Build.0 = Debug|Any CPU
		{837994BC-0F25-4DC6-995A-C45C609E4FD8}.Release|Any CPU.ActiveCfg = Release|Any CPU
		{837994BC-0F25-4DC6-995A-C45C609E4FD8}.Release|Any CPU.Build.0 = Release|Any CPU
		{363650A7-B0DA-4D3C-A864-9D183149A16F}.Debug|Any CPU.ActiveCfg = Debug|Any CPU
		{363650A7-B0DA-4D3C-A864-9D183149A16F}.Debug|Any CPU.Build.0 = Debug|Any CPU
		{363650A7-B0DA-4D3C-A864-9D183149A16F}.Release|Any CPU.ActiveCfg = Release|Any CPU
		{363650A7-B0DA-4D3C-A864-9D183149A16F}.Release|Any CPU.Build.0 = Release|Any CPU
		{1175E0D1-1D5A-4219-9F3F-6A548E94398C}.Debug|Any CPU.ActiveCfg = Debug|Any CPU
		{1175E0D1-1D5A-4219-9F3F-6A548E94398C}.Debug|Any CPU.Build.0 = Debug|Any CPU
		{1175E0D1-1D5A-4219-9F3F-6A548E94398C}.Release|Any CPU.ActiveCfg = Release|Any CPU
		{1175E0D1-1D5A-4219-9F3F-6A548E94398C}.Release|Any CPU.Build.0 = Release|Any CPU
		{8951DE78-B308-4143-89B8-C8272E10CF82}.Debug|Any CPU.ActiveCfg = Debug|Any CPU
		{8951DE78-B308-4143-89B8-C8272E10CF82}.Debug|Any CPU.Build.0 = Debug|Any CPU
		{8951DE78-B308-4143-89B8-C8272E10CF82}.Release|Any CPU.ActiveCfg = Release|Any CPU
		{8951DE78-B308-4143-89B8-C8272E10CF82}.Release|Any CPU.Build.0 = Release|Any CPU
		{42A6F632-2679-46C0-AD9B-112DD45713E0}.Debug|Any CPU.ActiveCfg = Debug|Any CPU
		{42A6F632-2679-46C0-AD9B-112DD45713E0}.Debug|Any CPU.Build.0 = Debug|Any CPU
		{42A6F632-2679-46C0-AD9B-112DD45713E0}.Release|Any CPU.ActiveCfg = Release|Any CPU
		{42A6F632-2679-46C0-AD9B-112DD45713E0}.Release|Any CPU.Build.0 = Release|Any CPU
		{DD9F4D2D-FBC9-4AA9-81F0-04A49455CF8E}.Debug|Any CPU.ActiveCfg = Debug|Any CPU
		{DD9F4D2D-FBC9-4AA9-81F0-04A49455CF8E}.Debug|Any CPU.Build.0 = Debug|Any CPU
		{DD9F4D2D-FBC9-4AA9-81F0-04A49455CF8E}.Release|Any CPU.ActiveCfg = Release|Any CPU
		{DD9F4D2D-FBC9-4AA9-81F0-04A49455CF8E}.Release|Any CPU.Build.0 = Release|Any CPU
		{5824ED5D-CFAF-4E0B-ACE4-C86ADC08FF7B}.Debug|Any CPU.ActiveCfg = Debug|Any CPU
		{5824ED5D-CFAF-4E0B-ACE4-C86ADC08FF7B}.Debug|Any CPU.Build.0 = Debug|Any CPU
		{5824ED5D-CFAF-4E0B-ACE4-C86ADC08FF7B}.Release|Any CPU.ActiveCfg = Release|Any CPU
		{5824ED5D-CFAF-4E0B-ACE4-C86ADC08FF7B}.Release|Any CPU.Build.0 = Release|Any CPU
		{E9A0C356-005A-453E-BD21-45A47EBC9107}.Debug|Any CPU.ActiveCfg = Debug|Any CPU
		{E9A0C356-005A-453E-BD21-45A47EBC9107}.Debug|Any CPU.Build.0 = Debug|Any CPU
		{E9A0C356-005A-453E-BD21-45A47EBC9107}.Release|Any CPU.ActiveCfg = Release|Any CPU
		{E9A0C356-005A-453E-BD21-45A47EBC9107}.Release|Any CPU.Build.0 = Release|Any CPU
		{DF4C8474-C3BF-48E0-97A6-D850DCEAC1C9}.Debug|Any CPU.ActiveCfg = Debug|Any CPU
		{DF4C8474-C3BF-48E0-97A6-D850DCEAC1C9}.Debug|Any CPU.Build.0 = Debug|Any CPU
		{DF4C8474-C3BF-48E0-97A6-D850DCEAC1C9}.Release|Any CPU.ActiveCfg = Release|Any CPU
		{DF4C8474-C3BF-48E0-97A6-D850DCEAC1C9}.Release|Any CPU.Build.0 = Release|Any CPU
		{BD6268D5-8573-487B-B9DE-B74AB99D3251}.Debug|Any CPU.ActiveCfg = Debug|Any CPU
		{BD6268D5-8573-487B-B9DE-B74AB99D3251}.Debug|Any CPU.Build.0 = Debug|Any CPU
		{BD6268D5-8573-487B-B9DE-B74AB99D3251}.Release|Any CPU.ActiveCfg = Release|Any CPU
		{BD6268D5-8573-487B-B9DE-B74AB99D3251}.Release|Any CPU.Build.0 = Release|Any CPU
	EndGlobalSection
	GlobalSection(SolutionProperties) = preSolution
		HideSolutionNode = FALSE
	EndGlobalSection
	GlobalSection(NestedProjects) = preSolution
		{5A1D267E-1F90-421F-8E61-456522AC244C} = {34E5A8E5-17B2-4351-84F2-615DB3C4D0AC}
		{8FB1EB9D-F928-49AB-B72D-C69A2FFB0727} = {293CD7AE-E944-4F5C-99FC-2CF5B6D742AA}
		{98043102-1B88-4185-BF76-F8EA04841C38} = {BAE3E024-3325-4ECA-9F43-36BE976A8CA3}
		{77E8CC6B-8E57-4F63-AE6E-DD582D41A859} = {BAE3E024-3325-4ECA-9F43-36BE976A8CA3}
		{88070636-6F5D-43C0-AEB3-E4E1CBAAA690} = {BAE3E024-3325-4ECA-9F43-36BE976A8CA3}
		{4920BE74-DE99-4395-B55B-2D11292BBA22} = {B87BE757-B5D7-4AAB-B1EC-457446DA9189}
		{2BE7DBE1-F097-4B88-B91B-E58A98BBA2D5} = {B87BE757-B5D7-4AAB-B1EC-457446DA9189}
		{837994BC-0F25-4DC6-995A-C45C609E4FD8} = {B87BE757-B5D7-4AAB-B1EC-457446DA9189}
		{363650A7-B0DA-4D3C-A864-9D183149A16F} = {3E45F517-2E9C-4F77-89B7-9D62B1120B8C}
		{1175E0D1-1D5A-4219-9F3F-6A548E94398C} = {3E45F517-2E9C-4F77-89B7-9D62B1120B8C}
		{8951DE78-B308-4143-89B8-C8272E10CF82} = {3E45F517-2E9C-4F77-89B7-9D62B1120B8C}
		{42A6F632-2679-46C0-AD9B-112DD45713E0} = {89D336B3-0F9F-4B49-82BD-A96803DE48D3}
		{DD9F4D2D-FBC9-4AA9-81F0-04A49455CF8E} = {89D336B3-0F9F-4B49-82BD-A96803DE48D3}
		{5824ED5D-CFAF-4E0B-ACE4-C86ADC08FF7B} = {89D336B3-0F9F-4B49-82BD-A96803DE48D3}
		{E9A0C356-005A-453E-BD21-45A47EBC9107} = {C175CC58-FAE1-443E-8628-B1AE268F77DD}
		{DF4C8474-C3BF-48E0-97A6-D850DCEAC1C9} = {C175CC58-FAE1-443E-8628-B1AE268F77DD}
		{BD6268D5-8573-487B-B9DE-B74AB99D3251} = {C175CC58-FAE1-443E-8628-B1AE268F77DD}
	EndGlobalSection
EndGlobal
